# This file is automatically @generated by Cargo.
# It is not intended for manual editing.
version = 4

[[package]]
name = "clawtype"
version = "2.1.0"
dependencies = [
 "clawtype-chords",
 "clawtype-macros",
 "const_map",
 "debouncr",
 "mpu6050-dmp",
]

[[package]]
name = "clawtype-chords"
version = "0.1.0"
dependencies = [
 "clawtype-macros",
 "const_map",
]

[[package]]
name = "clawtype-macros"
version = "0.0.1"
dependencies = [
 "proc-macro2",
]

[[package]]
name = "const_map"
version = "0.1.0"
source = "git+https://github.com/akavel/const_map?branch=master#f7b8b993899a872d432a919826ed332f7a1f16da"

[[package]]
name = "debouncr"
version = "0.2.2"
source = "registry+https://github.com/rust-lang/crates.io-index"
checksum = "78d141ae1bf4aa25e3d1981ef8426c60d0087b4417ad891bbf762e45f173906b"
dependencies = [
 "doc-comment",
]

[[package]]
name = "doc-comment"
version = "0.3.3"
source = "registry+https://github.com/rust-lang/crates.io-index"
checksum = "fea41bba32d969b513997752735605054bc0dfa92b4c56bf1189f2e174be7a10"

[[package]]
name = "embedded-hal"
version = "1.0.0"
source = "registry+https://github.com/rust-lang/crates.io-index"
checksum = "361a90feb7004eca4019fb28352a9465666b24f840f5c3cddf0ff13920590b89"

[[package]]
name = "libm"
version = "0.2.11"
source = "registry+https://github.com/rust-lang/crates.io-index"
checksum = "8355be11b20d696c8f18f6cc018c4e372165b1fa8126cef092399c9951984ffa"

[[package]]
name = "mpu6050-dmp"
version = "0.6.0"
source = "registry+https://github.com/rust-lang/crates.io-index"
checksum = "6bc6140a2853ffebdcfe2c408d7e37ee7f3f5689d7d3e25302f6bb1ac4f3fccc"
dependencies = [
 "embedded-hal",
 "libm",
]

[[package]]
name = "proc-macro2"
version = "1.0.79"
source = "registry+https://github.com/rust-lang/crates.io-index"
checksum = "e835ff2298f5721608eb1a980ecaee1aef2c132bf95ecc026a11b7bf3c01c02e"
dependencies = [
 "unicode-ident",
]

[[package]]
name = "unicode-ident"
version = "1.0.17"
source = "registry+https://github.com/rust-lang/crates.io-index"
checksum = "00e2473a93778eb0bad35909dff6a10d28e63f792f16ed15e404fca9d5eeedbe"
